Microsoft Visual Studio Solution File, Format Version 12.00
# Visual Studio Version 17
VisualStudioVersion = 17.5.2.0
MinimumVisualStudioVersion = 10.0.40219.1
Project("{FAE04EC0-301F-11D3-BF4B-00C04F79EFBC}") = "SeleniumCommand_Ex1", "SeleniumCommand_Ex1\SeleniumCommand_Ex1.csproj", "{9AF49F24-5AF3-87B2-9188-F24475221294}"
EndProject
Project("{FAE04EC0-301F-11D3-BF4B-00C04F79EFBC}") = "SeleniumCommand_Ex2", "SeleniumCommand_Ex2\SeleniumCommand_Ex2.csproj", "{B1A1B2C3-D4E5-6789-ABCD-1234567890AB}"
EndProject
Global
	GlobalSection(SolutionConfigurationPlatforms) = preSolution
		Debug|Any CPU = Debug|Any CPU
		Release|Any CPU = Release|Any CPU
	EndGlobalSection
	GlobalSection(ProjectConfigurationPlatforms) = postSolution
		{9AF49F24-5AF3-87B2-9188-F24475221294}.Debug|Any CPU.ActiveCfg = Debug|Any CPU
		{9AF49F24-5AF3-87B2-9188-F24475221294}.Debug|Any CPU.Build.0 = Debug|Any CPU
		{9AF49F24-5AF3-87B2-9188-F24475221294}.Release|Any CPU.ActiveCfg = Release|Any CPU
		{9AF49F24-5AF3-87B2-9188-F24475221294}.Release|Any CPU.Build.0 = Release|Any CPU
		{B1A1B2C3-D4E5-6789-ABCD-1234567890AB}.Debug|Any CPU.ActiveCfg = Debug|Any CPU
		{B1A1B2C3-D4E5-6789-ABCD-1234567890AB}.Debug|Any CPU.Build.0 = Debug|Any CPU
		{B1A1B2C3-D4E5-6789-ABCD-1234567890AB}.Release|Any CPU.ActiveCfg = Release|Any CPU
		{B1A1B2C3-D4E5-6789-ABCD-1234567890AB}.Release|Any CPU.Build.0 = Release|Any CPU
	EndGlobalSection
	GlobalSection(SolutionProperties) = preSolution
		HideSolutionNode = FALSE
	EndGlobalSection
	GlobalSection(ExtensibilityGlobals) = postSolution
		SolutionGuid = {9234E16B-BB0E-4C6F-8309-53AA5A5D157E}
	EndGlobalSection
EndGlobal
